<?xml version="1.0" encoding="utf-8"?>
<Project ToolsVersion="4.0" xmlns="http://schemas.microsoft.com/developer/msbuild/2003">
  <ItemGroup>
    <Filter Include="Source Files">
      <UniqueIdentifier>{396df203-84ec-49b8-ae11-074c50a020f0}</UniqueIdentifier>
    </Filter>
    <Filter Include="Header Files">
      <UniqueIdentifier>{0147b833-dc8f-4666-be99-77dfae5e6679}</UniqueIdentifier>
    </Filter>
  </ItemGroup>
  <ItemGroup>
    <ClCompile Include="..\src\bled.c">
      <Filter>Source Files</Filter>
    </ClCompile>
    <ClCompile Include="..\src\crc32.c">
      <Filter>Source Files</Filter>
    </ClCompile>
    <ClCompile Include="..\src\data_extract_all.c">
      <Filter>Source Files</Filter>
    </ClCompile>
    <ClCompile Include="..\src\data_skip.c">
      <Filter>Source Files</Filter>
    </ClCompile>
    <ClCompile Include="..\src\data_align.c">
      <Filter>Source Files</Filter>
    </ClCompile>
    <ClCompile Include="..\src\filter_accept_all.c">
      <Filter>Source Files</Filter>
    </ClCompile>
    <ClCompile Include="..\src\filter_accept_list.c">
      <Filter>Source Files</Filter>
    </ClCompile>
    <ClCompile Include="..\src\filter_accept_reject_list.c">
      <Filter>Source Files</Filter>
    </ClCompile>
    <ClCompile Include="..\src\find_list_entry.c">
      <Filter>Source Files</Filter>
    </ClCompile>
    <ClCompile Include="..\src\header_list.c">
      <Filter>Source Files</Filter>
    </ClCompile>
    <ClCompile Include="..\src\header_skip.c">
      <Filter>Source Files</Filter>
    </ClCompile>
    <ClCompile Include="..\src\header_verbose_list.c">
      <Filter>Source Files</Filter>
    </ClCompile>
    <ClCompile Include="..\src\init_handle.c">
      <Filter>Source Files</Filter>
    </ClCompile>
    <ClCompile Include="..\src\seek_by_jump.c">
      <Filter>Source Files</Filter>
    </ClCompile>
    <ClCompile Include="..\src\seek_by_read.c">
      <Filter>Source Files</Filter>
    </ClCompile>
    <ClCompile Include="..\src\decompress_bunzip2.c">
      <Filter>Source Files</Filter>
    </ClCompile>
    <ClCompile Include="..\src\decompress_gunzip.c">
      <Filter>Source Files</Filter>
    </ClCompile>
    <ClCompile Include="..\src\decompress_uncompress.c">
      <Filter>Source Files</Filter>
    </ClCompile>
    <ClCompile Include="..\src\decompress_unlzma.c">
      <Filter>Source Files</Filter>
    </ClCompile>
    <ClCompile Include="..\src\decompress_unxz.c">
      <Filter>Source Files</Filter>
    </ClCompile>
    <ClCompile Include="..\src\open_transformer.c">
      <Filter>Source Files</Filter>
    </ClCompile>
    <ClCompile Include="..\src\xz_dec_bcj.c">
      <Filter>Source Files</Filter>
    </ClCompile>
    <ClCompile Include="..\src\xz_dec_lzma2.c">
      <Filter>Source Files</Filter>
    </ClCompile>
    <ClCompile Include="..\src\xz_dec_stream.c">
      <Filter>Source Files</Filter>
    </ClCompile>
    <ClCompile Include="..\src\decompress_unzip.c">
      <Filter>Source Files</Filter>
    </ClCompile>
    <ClCompile Include="..\src\decompress_vtsi.c">
      <Filter>Source Files</Filter>
    </ClCompile>
    <ClCompile Include="..\src\decompress_unzstd.c">
      <Filter>Source Files</Filter>
    </ClCompile>
    <ClCompile Include="..\src\fse_decompress.c">
      <Filter>Source Files</Filter>
    </ClCompile>
    <ClCompile Include="..\src\huf_decompress.c">
      <Filter>Source Files</Filter>
    </ClCompile>
    <ClCompile Include="..\src\xxhash.c">
      <Filter>Source Files</Filter>
    </ClCompile>
    <ClCompile Include="..\src\zstd_decompress.c">
      <Filter>Source Files</Filter>
    </ClCompile>
    <ClCompile Include="..\src\zstd_decompress_block.c">
      <Filter>Source Files</Filter>
    </ClCompile>
    <ClCompile Include="..\src\zstd_entropy_common.c">
      <Filter>Source Files</Filter>
    </ClCompile>
    <ClCompile Include="..\src\zstd_error_private.c">
      <Filter>Source Files</Filter>
    </ClCompile>
  </ItemGroup>
  <ItemGroup>
    <ClInclude Include="..\src\bb_archive.h">
      <Filter>Header Files</Filter>
    </ClInclude>
    <ClInclude Include="..\src\bled.h">
      <Filter>Header Files</Filter>
    </ClInclude>
    <ClInclude Include="..\src\libbb.h">
      <Filter>Header Files</Filter>
    </ClInclude>
    <ClInclude Include="..\src\platform.h">
      <Filter>Header Files</Filter>
    </ClInclude>
    <ClInclude Include="..\src\xz.h">
      <Filter>Header Files</Filter>
    </ClInclude>
    <ClInclude Include="..\src\xz_config.h">
      <Filter>Header Files</Filter>
    </ClInclude>
    <ClInclude Include="..\src\xz_lzma2.h">
      <Filter>Header Files</Filter>
    </ClInclude>
    <ClInclude Include="..\src\xz_private.h">
      <Filter>Header Files</Filter>
    </ClInclude>
    <ClInclude Include="..\src\xz_stream.h">
      <Filter>Header Files</Filter>
    </ClInclude>
    <ClInclude Include="..\src\msapi_utf8.h">
      <Filter>Header Files</Filter>
    </ClInclude>
    <ClInclude Include="..\src\fse.h">
      <Filter>Header Files</Filter>
    </ClInclude>
    <ClInclude Include="..\src\fse_bitstream.h">
      <Filter>Header Files</Filter>
    </ClInclude>
    <ClInclude Include="..\src\huf.h">
      <Filter>Header Files</Filter>
    </ClInclude>
    <ClInclude Include="..\src\xxhash.h">
      <Filter>Header Files</Filter>
    </ClInclude>
    <ClInclude Include="..\src\zstd.h">
      <Filter>Header Files</Filter>
    </ClInclude>
    <ClInclude Include="..\src\zstd_compiler.h">
      <Filter>Header Files</Filter>
    </ClInclude>
    <ClInclude Include="..\src\zstd_config.h">
      <Filter>Header Files</Filter>
    </ClInclude>
    <ClInclude Include="..\src\zstd_cpu.h">
      <Filter>Header Files</Filter>
    </ClInclude>
    <ClInclude Include="..\src\zstd_ddict.h">
      <Filter>Header Files</Filter>
    </ClInclude>
    <ClInclude Include="..\src\zstd_decompress_block.h">
      <Filter>Header Files</Filter>
    </ClInclude>
    <ClInclude Include="..\src\zstd_decompress_internal.h">
      <Filter>Header Files</Filter>
    </ClInclude>
    <ClInclude Include="..\src\zstd_deps.h">
      <Filter>Header Files</Filter>
    </ClInclude>
    <ClInclude Include="..\src\zstd_error_private.h">
      <Filter>Header Files</Filter>
    </ClInclude>
    <ClInclude Include="..\src\zstd_errors.h">
      <Filter>Header Files</Filter>
    </ClInclude>
    <ClInclude Include="..\src\zstd_internal.h">
      <Filter>Header Files</Filter>
    </ClInclude>
    <ClInclude Include="..\src\zstd_mem.h">
      <Filter>Header Files</Filter>
    </ClInclude>
  </ItemGroup>
</Project>